
Microsoft Visual Studio Solution File, Format Version 12.00
# Visual Studio Version 17
VisualStudioVersion = 17.3.32825.248
MinimumVisualStudioVersion = 10.0.40219.1
Project("{FAE04EC0-301F-11D3-BF4B-00C04F79EFBC}") = "soso", "soso\soso.csproj", "{0EC9F8EF-F873-4046-A1F3-9D0BC912738A}"
EndProject
Project("{FAE04EC0-301F-11D3-BF4B-00C04F79EFBC}") = "soso.entity", "soso.entity\soso.entity.csproj", "{4F2394F9-5D5F-4B15-BFB2-19BDC7B28788}"
EndProject
Global
	GlobalSection(SolutionConfigurationPlatforms) = preSolution
		Debug|Any CPU = Debug|Any CPU
		Release|Any CPU = Release|Any CPU
	EndGlobalSection
	GlobalSection(ProjectConfigurationPlatforms) = postSolution
		{0EC9F8EF-F873-4046-A1F3-9D0BC912738A}.Debug|Any CPU.ActiveCfg = Debug|Any CPU
		{0EC9F8EF-F873-4046-A1F3-9D0BC912738A}.Debug|Any CPU.Build.0 = Debug|Any CPU
		{0EC9F8EF-F873-4046-A1F3-9D0BC912738A}.Release|Any CPU.ActiveCfg = Release|Any CPU
		{0EC9F8EF-F873-4046-A1F3-9D0BC912738A}.Release|Any CPU.Build.0 = Release|Any CPU
		{4F2394F9-5D5F-4B15-BFB2-19BDC7B28788}.Debug|Any CPU.ActiveCfg = Debug|Any CPU
		{4F2394F9-5D5F-4B15-BFB2-19BDC7B28788}.Debug|Any CPU.Build.0 = Debug|Any CPU
		{4F2394F9-5D5F-4B15-BFB2-19BDC7B28788}.Release|Any CPU.ActiveCfg = Release|Any CPU
		{4F2394F9-5D5F-4B15-BFB2-19BDC7B28788}.Release|Any CPU.Build.0 = Release|Any CPU
	EndGlobalSection
	GlobalSection(SolutionProperties) = preSolution
		HideSolutionNode = FALSE
	EndGlobalSection
	GlobalSection(ExtensibilityGlobals) = postSolution
		SolutionGuid = {45D612C5-71B9-4791-AEA1-265B0DC0BBB9}
	EndGlobalSection
EndGlobal
